{
    "_readme": [
        "This file locks the dependencies of your project to a known state",
        "Read more about it at https://getcomposer.org/doc/01-basic-usage.md#installing-dependencies",
        "This file is @generated automatically"
    ],
    "content-hash": "117313ad859c58e24979f187473f21c3",
    "packages": [
        {
            "name": "hyperf/context",
            "version": "v3.1.42",
            "source": {
                "type": "git",
                "url": "https://github.com/hyperf/context.git",
                "reference": "ac666862d644db7d813342c880826a1fda599bdf"
            },
            "dist": {
                "type": "zip",
                "url": "https://api.github.com/repos/hyperf/context/zipball/ac666862d644db7d813342c880826a1fda599bdf",
                "reference": "ac666862d644db7d813342c880826a1fda599bdf",
                "shasum": ""
            },
            "require": {
                "hyperf/engine": "^2.0",
                "php": ">=8.1"
            },
            "suggest": {
                "swow/psr7-plus": "Required to use RequestContext and ResponseContext"
            },
            "type": "library",
            "extra": {
                "branch-alias": {
                    "dev-master": "3.1-dev"
                }
            },
            "autoload": {
                "psr-4": {
                    "Hyperf\\Context\\": "src/"
                }
            },
            "notification-url": "https://packagist.org/downloads/",
            "license": [
                "MIT"
            ],
            "description": "A coroutine/application context library.",
            "homepage": "https://hyperf.io",
            "keywords": [
                "Context",
                "hyperf",
                "php",
                "swoole"
            ],
            "support": {
                "docs": "https://hyperf.wiki",
                "issues": "https://github.com/hyperf/hyperf/issues",
                "pull-request": "https://github.com/hyperf/hyperf/pulls",
                "source": "https://github.com/hyperf/hyperf"
            },
            "funding": [
                {
                    "url": "https://hyperf.wiki/#/zh-cn/donate",
                    "type": "custom"
                },
                {
                    "url": "https://opencollective.com/hyperf",
                    "type": "open_collective"
                }
            ],
            "time": "2024-09-25T02:54:12+00:00"
        },
        {
            "name": "hyperf/engine",
            "version": "v2.11.0",
            "source": {
                "type": "git",
                "url": "https://github.com/hyperf/engine.git",
                "reference": "26e0b65fc2a63a00266e7124e221c6f3fb2c8e95"
            },
            "dist": {
                "type": "zip",
                "url": "https://api.github.com/repos/hyperf/engine/zipball/26e0b65fc2a63a00266e7124e221c6f3fb2c8e95",
                "reference": "26e0b65fc2a63a00266e7124e221c6f3fb2c8e95",
                "shasum": ""
            },
            "require": {
                "hyperf/engine-contract": "~1.10.0",
                "php": ">=8.0"
            },
            "conflict": {
                "ext-swoole": "<5.0"
            },
            "require-dev": {
                "friendsofphp/php-cs-fixer": "^3.0",
                "hyperf/guzzle": "^3.0",
                "hyperf/http-message": "^3.0",
                "mockery/mockery": "^1.5",
                "phpstan/phpstan": "^1.0",
                "phpunit/phpunit": "^9.4",
                "swoole/ide-helper": "5.*"
            },
            "suggest": {
                "ext-sockets": "*",
                "ext-swoole": ">=5.0",
                "hyperf/http-message": "Required to use ResponseEmitter.",
                "psr/http-message": "Required to use WebSocket Frame."
            },
            "type": "library",
            "extra": {
                "branch-alias": {
                    "dev-master": "2.11-dev"
                },
                "hyperf": {
                    "config": "Hyperf\\Engine\\ConfigProvider"
                }
            },
            "autoload": {
                "files": [
                    "src/Functions.php"
                ],
                "psr-4": {
                    "Hyperf\\Engine\\": "src/"
                }
            },
            "notification-url": "https://packagist.org/downloads/",
            "license": [
                "MIT"
            ],
            "description": "Coroutine engine provided by swoole.",
            "keywords": [
                "engine",
                "hyperf",
                "php",
                "swoole"
            ],
            "support": {
                "issues": "https://github.com/hyperf/engine/issues",
                "source": "https://github.com/hyperf/engine/tree/v2.11.0"
            },
            "funding": [
                {
                    "url": "https://hyperf.wiki/#/zh-cn/donate",
                    "type": "custom"
                },
                {
                    "url": "https://opencollective.com/hyperf",
                    "type": "open_collective"
                }
            ],
            "time": "2024-04-17T13:36:28+00:00"
        },
        {
            "name": "hyperf/engine-contract",
            "version": "v1.10.1",
            "source": {
                "type": "git",
                "url": "https://github.com/hyperf/engine-contract.git",
                "reference": "2714a8ba6d6b916e5bd373ff680df9569a4c9eef"
            },
            "dist": {
                "type": "zip",
                "url": "https://api.github.com/repos/hyperf/engine-contract/zipball/2714a8ba6d6b916e5bd373ff680df9569a4c9eef",
                "reference": "2714a8ba6d6b916e5bd373ff680df9569a4c9eef",
                "shasum": ""
            },
            "require": {
                "php": ">=8.0"
            },
            "require-dev": {
                "friendsofphp/php-cs-fixer": "^3.0",
                "mockery/mockery": "^1.0",
                "phpstan/phpstan": "^1.0",
                "phpunit/phpunit": ">=7.0",
                "psr/http-message": "^1.0",
                "swoole/ide-helper": "^4.5"
            },
            "suggest": {
                "psr/http-message": "Required to use WebSocket Frame."
            },
            "type": "library",
            "extra": {
                "branch-alias": {
                    "dev-master": "1.9-dev"
                }
            },
            "autoload": {
                "psr-4": {
                    "Hyperf\\Engine\\Contract\\": "src/"
                }
            },
            "notification-url": "https://packagist.org/downloads/",
            "license": [
                "MIT"
            ],
            "description": "Contract for Coroutine Engine",
            "keywords": [
                "contract",
                "coroutine",
                "engine",
                "hyperf",
                "php"
            ],
            "support": {
                "issues": "https://github.com/hyperf/engine-contract/issues",
                "source": "https://github.com/hyperf/engine-contract/tree/v1.10.1"
            },
            "funding": [
                {
                    "url": "https://hyperf.wiki/#/zh-cn/donate",
                    "type": "custom"
                },
                {
                    "url": "https://opencollective.com/hyperf",
                    "type": "open_collective"
                }
            ],
            "time": "2024-04-17T13:34:51+00:00"
        }
    ],
    "packages-dev": [],
    "aliases": [],
    "minimum-stability": "stable",
    "stability-flags": [],
    "prefer-stable": false,
    "prefer-lowest": false,
    "platform": {
        "php": "^8.2"
    },
    "platform-dev": [],
    "plugin-api-version": "2.6.0"
}
